
Microsoft Visual Studio Solution File, Format Version 12.00
# Visual Studio 15
VisualStudioVersion = 15.0.28010.2041
MinimumVisualStudioVersion = 10.0.40219.1
Project("{888888A0-9F3D-457C-B088-3A5042F75D52}") = "NaoSimulator", "NaoSimulator.pyproj", "{0FD0C9A2-FC85-411C-8D2B-A586A6921B2B}"
EndProject
Global
	GlobalSection(SolutionConfigurationPlatforms) = preSolution
		Debug|Any CPU = Debug|Any CPU
		Release|Any CPU = Release|Any CPU
	EndGlobalSection
	GlobalSection(ProjectConfigurationPlatforms) = postSolution
		{0FD0C9A2-FC85-411C-8D2B-A586A6921B2B}.Debug|Any CPU.ActiveCfg = Debug|Any CPU
		{0FD0C9A2-FC85-411C-8D2B-A586A6921B2B}.Release|Any CPU.ActiveCfg = Release|Any CPU
	EndGlobalSection
	GlobalSection(SolutionProperties) = preSolution
		HideSolutionNode = FALSE
	EndGlobalSection
	GlobalSection(ExtensibilityGlobals) = postSolution
		SolutionGuid = {F7A59EAE-2CED-469A-B97F-667F87A69850}
	EndGlobalSection
EndGlobal
